// !$*UTF8*$!
{
	archiveVersion = 1;
	classes = {
	};
	objectVersion = 50;
	objects = {

/* Begin PBXBuildFile section */
		A448B74222E67E0500EF82A1 /* AppDelegate.swift in Sources */ = {isa = PBXBuildFile; fileRef = A448B74122E67E0500EF82A1 /* AppDelegate.swift */; };
		A448B74422E67E0500EF82A1 /* ViewController.swift in Sources */ = {isa = PBXBuildFile; fileRef = A448B74322E67E0500EF82A1 /* ViewController.swift */; };
		A448B74722E67E0500EF82A1 /* Main.storyboard in Resources */ = {isa = PBXBuildFile; fileRef = A448B74522E67E0500EF82A1 /* Main.storyboard */; };
		A448B74A22E67E0500EF82A1 /* PersistenciaCoreData.xcdatamodeld in Sources */ = {isa = PBXBuildFile; fileRef = A448B74822E67E0500EF82A1 /* PersistenciaCoreData.xcdatamodeld */; };
		A448B74C22E67E0600EF82A1 /* Assets.xcassets in Resources */ = {isa = PBXBuildFile; fileRef = A448B74B22E67E0600EF82A1 /* Assets.xcassets */; };
		A448B74F22E67E0600EF82A1 /* LaunchScreen.storyboard in Resources */ = {isa = PBXBuildFile; fileRef = A448B74D22E67E0600EF82A1 /* LaunchScreen.storyboard */; };
		A448B75822E69DCD00EF82A1 /* Animal+CoreDataClass.swift in Sources */ = {isa = PBXBuildFile; fileRef = A448B75622E69DCD00EF82A1 /* Animal+CoreDataClass.swift */; };
		A448B75922E69DCD00EF82A1 /* Animal+CoreDataProperties.swift in Sources */ = {isa = PBXBuildFile; fileRef = A448B75722E69DCD00EF82A1 /* Animal+CoreDataProperties.swift */; };
/* End PBXBuildFile section */

/* Begin PBXFileReference section */
		A448B73E22E67E0500EF82A1 /* PersistenciaCoreData.app */ = {isa = PBXFileReference; explicitFileType = wrapper.application; includeInIndex = 0; path = PersistenciaCoreData.app; sourceTree = BUILT_PRODUCTS_DIR; };
		A448B74122E67E0500EF82A1 /* AppDelegate.swift */ = {isa = PBXFileReference; lastKnownFileType = sourcecode.swift; path = AppDelegate.swift; sourceTree = "<group>"; };
		A448B74322E67E0500EF82A1 /* ViewController.swift */ = {isa = PBXFileReference; lastKnownFileType = sourcecode.swift; path = ViewController.swift; sourceTree = "<group>"; };
		A448B74622E67E0500EF82A1 /* Base */ = {isa = PBXFileReference; lastKnownFileType = file.storyboard; name = Base; path = Base.lproj/Main.storyboard; sourceTree = "<group>"; };
		A448B74922E67E0500EF82A1 /* PersistenciaCoreData.xcdatamodel */ = {isa = PBXFileReference; lastKnownFileType = wrapper.xcdatamodel; path = PersistenciaCoreData.xcdatamodel; sourceTree = "<group>"; };
		A448B74B22E67E0600EF82A1 /* Assets.xcassets */ = {isa = PBXFileReference; lastKnownFileType = folder.assetcatalog; path = Assets.xcassets; sourceTree = "<group>"; };
		A448B74E22E67E0600EF82A1 /* Base */ = {isa = PBXFileReference; lastKnownFileType = file.storyboard; name = Base; path = Base.lproj/LaunchScreen.storyboard; sourceTree = "<group>"; };
		A448B75022E67E0600EF82A1 /* Info.plist */ = {isa = PBXFileReference; lastKnownFileType = text.plist.xml; path = Info.plist; sourceTree = "<group>"; };
		A448B75622E69DCD00EF82A1 /* Animal+CoreDataClass.swift */ = {isa = PBXFileReference; lastKnownFileType = sourcecode.swift; path = "Animal+CoreDataClass.swift"; sourceTree = "<group>"; };
		A448B75722E69DCD00EF82A1 /* Animal+CoreDataProperties.swift */ = {isa = PBXFileReference; lastKnownFileType = sourcecode.swift; path = "Animal+CoreDataProperties.swift"; sourceTree = "<group>"; };
/* End PBXFileReference section */

/* Begin PBXFrameworksBuildPhase section */
		A448B73B22E67E0500EF82A1 /* Frameworks */ = {
			isa = PBXFrameworksBuildPhase;
			buildActionMask = 2147483647;
			files = (
			);
			runOnlyForDeploymentPostprocessing = 0;
		};
/* End PBXFrameworksBuildPhase section */

/* Begin PBXGroup section */
		A448B73522E67E0500EF82A1 = {
			isa = PBXGroup;
			children = (
				A448B75A22E69ECF00EF82A1 /* CoreData */,
				A448B74022E67E0500EF82A1 /* PersistenciaCoreData */,
				A448B73F22E67E0500EF82A1 /* Products */,
			);
			sourceTree = "<group>";
		};
		A448B73F22E67E0500EF82A1 /* Products */ = {
			isa = PBXGroup;
			children = (
				A448B73E22E67E0500EF82A1 /* PersistenciaCoreData.app */,
			);
			name = Products;
			sourceTree = "<group>";
		};
		A448B74022E67E0500EF82A1 /* PersistenciaCoreData */ = {
			isa = PBXGroup;
			children = (
				A448B74122E67E0500EF82A1 /* AppDelegate.swift */,
				A448B74322E67E0500EF82A1 /* ViewController.swift */,
				A448B74522E67E0500EF82A1 /* Main.storyboard */,
				A448B74B22E67E0600EF82A1 /* Assets.xcassets */,
				A448B74D22E67E0600EF82A1 /* LaunchScreen.storyboard */,
				A448B75022E67E0600EF82A1 /* Info.plist */,
			);
			path = PersistenciaCoreData;
			sourceTree = "<group>";
		};
		A448B75A22E69ECF00EF82A1 /* CoreData */ = {
			isa = PBXGroup;
			children = (
				A448B75622E69DCD00EF82A1 /* Animal+CoreDataClass.swift */,
				A448B75722E69DCD00EF82A1 /* Animal+CoreDataProperties.swift */,
				A448B74822E67E0500EF82A1 /* PersistenciaCoreData.xcdatamodeld */,
			);
			path = CoreData;
			sourceTree = "<group>";
		};
/* End PBXGroup section */

/* Begin PBXNativeTarget section */
		A448B73D22E67E0500EF82A1 /* PersistenciaCoreData */ = {
			isa = PBXNativeTarget;
			buildConfigurationList = A448B75322E67E0600EF82A1 /* Build configuration list for PBXNativeTarget "PersistenciaCoreData" */;
			buildPhases = (
				A448B73A22E67E0500EF82A1 /* Sources */,
				A448B73B22E67E0500EF82A1 /* Frameworks */,
				A448B73C22E67E0500EF82A1 /* Resources */,
			);
			buildRules = (
			);
			dependencies = (
			);
			name = PersistenciaCoreData;
			productName = PersistenciaCoreData;
			productReference = A448B73E22E67E0500EF82A1 /* PersistenciaCoreData.app */;
			productType = "com.apple.product-type.application";
		};
/* End PBXNativeTarget section */

/* Begin PBXProject section */
		A448B73622E67E0500EF82A1 /* Project object */ = {
			isa = PBXProject;
			attributes = {
				LastSwiftUpdateCheck = 1020;
				LastUpgradeCheck = 1020;
				ORGANIZATIONNAME = LucasCosta;
				TargetAttributes = {
					A448B73D22E67E0500EF82A1 = {
						CreatedOnToolsVersion = 10.2.1;
					};
				};
			};
			buildConfigurationList = A448B73922E67E0500EF82A1 /* Build configuration list for PBXProject "PersistenciaCoreData" */;
			compatibilityVersion = "Xcode 9.3";
			developmentRegion = en;
			hasScannedForEncodings = 0;
			knownRegions = (
				en,
				Base,
			);
			mainGroup = A448B73522E67E0500EF82A1;
			productRefGroup = A448B73F22E67E0500EF82A1 /* Products */;
			projectDirPath = "";
			projectRoot = "";
			targets = (
				A448B73D22E67E0500EF82A1 /* PersistenciaCoreData */,
			);
		};
/* End PBXProject section */

/* Begin PBXResourcesBuildPhase section */
		A448B73C22E67E0500EF82A1 /* Resources */ = {
			isa = PBXResourcesBuildPhase;
			buildActionMask = 2147483647;
			files = (
				A448B74F22E67E0600EF82A1 /* LaunchScreen.storyboard in Resources */,
				A448B74C22E67E0600EF82A1 /* Assets.xcassets in Resources */,
				A448B74722E67E0500EF82A1 /* Main.storyboard in Resources */,
			);
			runOnlyForDeploymentPostprocessing = 0;
		};
/* End PBXResourcesBuildPhase section */

/* Begin PBXSourcesBuildPhase section */
		A448B73A22E67E0500EF82A1 /* Sources */ = {
			isa = PBXSourcesBuildPhase;
			buildActionMask = 2147483647;
			files = (
				A448B74422E67E0500EF82A1 /* ViewController.swift in Sources */,
				A448B74A22E67E0500EF82A1 /* PersistenciaCoreData.xcdatamodeld in Sources */,
				A448B75922E69DCD00EF82A1 /* Animal+CoreDataProperties.swift in Sources */,
				A448B74222E67E0500EF82A1 /* AppDelegate.swift in Sources */,
				A448B75822E69DCD00EF82A1 /* Animal+CoreDataClass.swift in Sources */,
			);
			runOnlyForDeploymentPostprocessing = 0;
		};
/* End PBXSourcesBuildPhase section */

/* Begin PBXVariantGroup section */
		A448B74522E67E0500EF82A1 /* Main.storyboard */ = {
			isa = PBXVariantGroup;
			children = (
				A448B74622E67E0500EF82A1 /* Base */,
			);
			name = Main.storyboard;
			sourceTree = "<group>";
		};
		A448B74D22E67E0600EF82A1 /* LaunchScreen.storyboard */ = {
			isa = PBXVariantGroup;
			children = (
				A448B74E22E67E0600EF82A1 /* Base */,
			);
			name = LaunchScreen.storyboard;
			sourceTree = "<group>";
		};
/* End PBXVariantGroup section */

/* Begin XCBuildConfiguration section */
		A448B75122E67E0600EF82A1 /* Debug */ = {
			isa = XCBuildConfiguration;
			buildSettings = {
				ALWAYS_SEARCH_USER_PATHS = NO;
				CLANG_ANALYZER_NONNULL = YES;
				CLANG_ANALYZER_NUMBER_OBJECT_CONVERSION = YES_AGGRESSIVE;
				CLANG_CXX_LANGUAGE_STANDARD = "gnu++14";
				CLANG_CXX_LIBRARY = "libc++";
				CLANG_ENABLE_MODULES = YES;
				CLANG_ENABLE_OBJC_ARC = YES;
				CLANG_ENABLE_OBJC_WEAK = YES;
				CLANG_WARN_BLOCK_CAPTURE_AUTORELEASING = YES;
				CLANG_WARN_BOOL_CONVERSION = YES;
				CLANG_WARN_COMMA = YES;
				CLANG_WARN_CONSTANT_CONVERSION = YES;
				CLANG_WARN_DEPRECATED_OBJC_IMPLEMENTATIONS = YES;
				CLANG_WARN_DIRECT_OBJC_ISA_USAGE = YES_ERROR;
				CLANG_WARN_DOCUMENTATION_COMMENTS = YES;
				CLANG_WARN_EMPTY_BODY = YES;
				CLANG_WARN_ENUM_CONVERSION = YES;
				CLANG_WARN_INFINITE_RECURSION = YES;
				CLANG_WARN_INT_CONVERSION = YES;
				CLANG_WARN_NON_LITERAL_NULL_CONVERSION = YES;
				CLANG_WARN_OBJC_IMPLICIT_RETAIN_SELF = YES;
				CLANG_WARN_OBJC_LITERAL_CONVERSION = YES;
				CLANG_WARN_OBJC_ROOT_CLASS = YES_ERROR;
				CLANG_WARN_RANGE_LOOP_ANALYSIS = YES;
				CLANG_WARN_STRICT_PROTOTYPES = YES;
				CLANG_WARN_SUSPICIOUS_MOVE = YES;
				CLANG_WARN_UNGUARDED_AVAILABILITY = YES_AGGRESSIVE;
				CLANG_WARN_UNREACHABLE_CODE = YES;
				CLANG_WARN__DUPLICATE_METHOD_MATCH = YES;
				CODE_SIGN_IDENTITY = "iPhone Developer";
				COPY_PHASE_STRIP = NO;
				DEBUG_INFORMATION_FORMAT = dwarf;
				ENABLE_STRICT_OBJC_MSGSEND = YES;
				ENABLE_TESTABILITY = YES;
				GCC_C_LANGUAGE_STANDARD = gnu11;
				GCC_DYNAMIC_NO_PIC = NO;
				GCC_NO_COMMON_BLOCKS = YES;
				GCC_OPTIMIZATION_LEVEL = 0;
				GCC_PREPROCESSOR_DEFINITIONS = (
					"DEBUG=1",
					"$(inherited)",
				);
				GCC_WARN_64_TO_32_BIT_CONVERSION = YES;
				GCC_WARN_ABOUT_RETURN_TYPE = YES_ERROR;
				GCC_WARN_UNDECLARED_SELECTOR = YES;
				GCC_WARN_UNINITIALIZED_AUTOS = YES_AGGRESSIVE;
				GCC_WARN_UNUSED_FUNCTION = YES;
				GCC_WARN_UNUSED_VARIABLE = YES;
				IPHONEOS_DEPLOYMENT_TARGET = 12.2;
				MTL_ENABLE_DEBUG_INFO = INCLUDE_SOURCE;
				MTL_FAST_MATH = YES;
				ONLY_ACTIVE_ARCH = YES;
				SDKROOT = iphoneos;
				SWIFT_ACTIVE_COMPILATION_CONDITIONS = DEBUG;
				SWIFT_OPTIMIZATION_LEVEL = "-Onone";
			};
			name = Debug;
		};
		A448B75222E67E0600EF82A1 /* Release */ = {
			isa = XCBuildConfiguration;
			buildSettings = {
				ALWAYS_SEARCH_USER_PATHS = NO;
				CLANG_ANALYZER_NONNULL = YES;
				CLANG_ANALYZER_NUMBER_OBJECT_CONVERSION = YES_AGGRESSIVE;
				CLANG_CXX_LANGUAGE_STANDARD = "gnu++14";
				CLANG_CXX_LIBRARY = "libc++";
				CLANG_ENABLE_MODULES = YES;
				CLANG_ENABLE_OBJC_ARC = YES;
				CLANG_ENABLE_OBJC_WEAK = YES;
				CLANG_WARN_BLOCK_CAPTURE_AUTORELEASING = YES;
				CLANG_WARN_BOOL_CONVERSION = YES;
				CLANG_WARN_COMMA = YES;
				CLANG_WARN_CONSTANT_CONVERSION = YES;
				CLANG_WARN_DEPRECATED_OBJC_IMPLEMENTATIONS = YES;
				CLANG_WARN_DIRECT_OBJC_ISA_USAGE = YES_ERROR;
				CLANG_WARN_DOCUMENTATION_COMMENTS = YES;
				CLANG_WARN_EMPTY_BODY = YES;
				CLANG_WARN_ENUM_CONVERSION = YES;
				CLANG_WARN_INFINITE_RECURSION = YES;
				CLANG_WARN_INT_CONVERSION = YES;
				CLANG_WARN_NON_LITERAL_NULL_CONVERSION = YES;
				CLANG_WARN_OBJC_IMPLICIT_RETAIN_SELF = YES;
				CLANG_WARN_OBJC_LITERAL_CONVERSION = YES;
				CLANG_WARN_OBJC_ROOT_CLASS = YES_ERROR;
				CLANG_WARN_RANGE_LOOP_ANALYSIS = YES;
				CLANG_WARN_STRICT_PROTOTYPES = YES;
				CLANG_WARN_SUSPICIOUS_MOVE = YES;
				CLANG_WARN_UNGUARDED_AVAILABILITY = YES_AGGRESSIVE;
				CLANG_WARN_UNREACHABLE_CODE = YES;
				CLANG_WARN__DUPLICATE_METHOD_MATCH = YES;
				CODE_SIGN_IDENTITY = "iPhone Developer";
				COPY_PHASE_STRIP = NO;
				DEBUG_INFORMATION_FORMAT = "dwarf-with-dsym";
				ENABLE_NS_ASSERTIONS = NO;
				ENABLE_STRICT_OBJC_MSGSEND = YES;
				GCC_C_LANGUAGE_STANDARD = gnu11;
				GCC_NO_COMMON_BLOCKS = YES;
				GCC_WARN_64_TO_32_BIT_CONVERSION = YES;
				GCC_WARN_ABOUT_RETURN_TYPE = YES_ERROR;
				GCC_WARN_UNDECLARED_SELECTOR = YES;
				GCC_WARN_UNINITIALIZED_AUTOS = YES_AGGRESSIVE;
				GCC_WARN_UNUSED_FUNCTION = YES;
				GCC_WARN_UNUSED_VARIABLE = YES;
				IPHONEOS_DEPLOYMENT_TARGET = 12.2;
				MTL_ENABLE_DEBUG_INFO = NO;
				MTL_FAST_MATH = YES;
				SDKROOT = iphoneos;
				SWIFT_COMPILATION_MODE = wholemodule;
				SWIFT_OPTIMIZATION_LEVEL = "-O";
				VALIDATE_PRODUCT = YES;
			};
			name = Release;
		};
		A448B75422E67E0600EF82A1 /* Debug */ = {
			isa = XCBuildConfiguration;
			buildSettings = {
				ASSETCATALOG_COMPILER_APPICON_NAME = AppIcon;
				CODE_SIGN_STYLE = Automatic;
				DEVELOPMENT_TEAM = 3H798M6N3T;
				INFOPLIST_FILE = PersistenciaCoreData/Info.plist;
				LD_RUNPATH_SEARCH_PATHS = (
					"$(inherited)",
					"@executable_path/Frameworks",
				);
				PRODUCT_BUNDLE_IDENTIFIER = com.LucasCosta.PersistenciaCoreData;
				PRODUCT_NAME = "$(TARGET_NAME)";
				SWIFT_VERSION = 5.0;
				TARGETED_DEVICE_FAMILY = "1,2";
			};
			name = Debug;
		};
		A448B75522E67E0600EF82A1 /* Release */ = {
			isa = XCBuildConfiguration;
			buildSettings = {
				ASSETCATALOG_COMPILER_APPICON_NAME = AppIcon;
				CODE_SIGN_STYLE = Automatic;
				DEVELOPMENT_TEAM = 3H798M6N3T;
				INFOPLIST_FILE = PersistenciaCoreData/Info.plist;
				LD_RUNPATH_SEARCH_PATHS = (
					"$(inherited)",
					"@executable_path/Frameworks",
				);
				PRODUCT_BUNDLE_IDENTIFIER = com.LucasCosta.PersistenciaCoreData;
				PRODUCT_NAME = "$(TARGET_NAME)";
				SWIFT_VERSION = 5.0;
				TARGETED_DEVICE_FAMILY = "1,2";
			};
			name = Release;
		};
/* End XCBuildConfiguration section */

/* Begin XCConfigurationList section */
		A448B73922E67E0500EF82A1 /* Build configuration list for PBXProject "PersistenciaCoreData" */ = {
			isa = XCConfigurationList;
			buildConfigurations = (
				A448B75122E67E0600EF82A1 /* Debug */,
				A448B75222E67E0600EF82A1 /* Release */,
			);
			defaultConfigurationIsVisible = 0;
			defaultConfigurationName = Release;
		};
		A448B75322E67E0600EF82A1 /* Build configuration list for PBXNativeTarget "PersistenciaCoreData" */ = {
			isa = XCConfigurationList;
			buildConfigurations = (
				A448B75422E67E0600EF82A1 /* Debug */,
				A448B75522E67E0600EF82A1 /* Release */,
			);
			defaultConfigurationIsVisible = 0;
			defaultConfigurationName = Release;
		};
/* End XCConfigurationList section */

/* Begin XCVersionGroup section */
		A448B74822E67E0500EF82A1 /* PersistenciaCoreData.xcdatamodeld */ = {
			isa = XCVersionGroup;
			children = (
				A448B74922E67E0500EF82A1 /* PersistenciaCoreData.xcdatamodel */,
			);
			currentVersion = A448B74922E67E0500EF82A1 /* PersistenciaCoreData.xcdatamodel */;
			path = PersistenciaCoreData.xcdatamodeld;
			sourceTree = "<group>";
			versionGroupType = wrapper.xcdatamodel;
		};
/* End XCVersionGroup section */
	};
	rootObject = A448B73622E67E0500EF82A1 /* Project object */;
}
